
Microsoft Visual Studio Solution File, Format Version 12.00
# Visual Studio Version 16
VisualStudioVersion = 16.0.29926.136
MinimumVisualStudioVersion = 10.0.40219.1
Project("{8BC9CEB8-8B4A-11D0-8D11-00A0C91BC942}") = "Main", "Main\Main.vcxproj", "{689E9BA4-4741-447D-AD24-8BA71BAC1276}"
EndProject
Project("{8BC9CEB8-8B4A-11D0-8D11-00A0C91BC942}") = "TestStatic", "TestStatic\TestStatic.vcxproj", "{D538A9B7-464F-477A-9672-CA94CCFB2FFD}"
EndProject
Project("{8BC9CEB8-8B4A-11D0-8D11-00A0C91BC942}") = "LRvalues", "LRvalues\LRvalues.vcxproj", "{C1E70C8A-4222-4CDA-BE8A-A1B96BE9B7AC}"
EndProject
Project("{8BC9CEB8-8B4A-11D0-8D11-00A0C91BC942}") = "MoveSemantics", "MoveSemantics\MoveSemantics.vcxproj", "{FB7A80B4-E8D3-49DD-AC13-2A562E1CEDA8}"
EndProject
Project("{8BC9CEB8-8B4A-11D0-8D11-00A0C91BC942}") = "MemAllocationsTrack", "MemAllocationsTrack\MemAllocationsTrack.vcxproj", "{8B9051CE-2DEE-4874-9F4A-3BF9CEE74F86}"
EndProject
Project("{8BC9CEB8-8B4A-11D0-8D11-00A0C91BC942}") = "SmartPointers", "SmartPointers\SmartPointers.vcxproj", "{7DB3E575-9ACE-48C3-87FE-2BF39A0FD003}"
EndProject
Global
	GlobalSection(SolutionConfigurationPlatforms) = preSolution
		Debug|x64 = Debug|x64
		Debug|x86 = Debug|x86
		Release|x64 = Release|x64
		Release|x86 = Release|x86
	EndGlobalSection
	GlobalSection(ProjectConfigurationPlatforms) = postSolution
		{689E9BA4-4741-447D-AD24-8BA71BAC1276}.Debug|x64.ActiveCfg = Debug|x64
		{689E9BA4-4741-447D-AD24-8BA71BAC1276}.Debug|x64.Build.0 = Debug|x64
		{689E9BA4-4741-447D-AD24-8BA71BAC1276}.Debug|x86.ActiveCfg = Debug|Win32
		{689E9BA4-4741-447D-AD24-8BA71BAC1276}.Debug|x86.Build.0 = Debug|Win32
		{689E9BA4-4741-447D-AD24-8BA71BAC1276}.Release|x64.ActiveCfg = Release|x64
		{689E9BA4-4741-447D-AD24-8BA71BAC1276}.Release|x64.Build.0 = Release|x64
		{689E9BA4-4741-447D-AD24-8BA71BAC1276}.Release|x86.ActiveCfg = Release|Win32
		{689E9BA4-4741-447D-AD24-8BA71BAC1276}.Release|x86.Build.0 = Release|Win32
		{D538A9B7-464F-477A-9672-CA94CCFB2FFD}.Debug|x64.ActiveCfg = Debug|x64
		{D538A9B7-464F-477A-9672-CA94CCFB2FFD}.Debug|x64.Build.0 = Debug|x64
		{D538A9B7-464F-477A-9672-CA94CCFB2FFD}.Debug|x86.ActiveCfg = Debug|Win32
		{D538A9B7-464F-477A-9672-CA94CCFB2FFD}.Debug|x86.Build.0 = Debug|Win32
		{D538A9B7-464F-477A-9672-CA94CCFB2FFD}.Release|x64.ActiveCfg = Release|x64
		{D538A9B7-464F-477A-9672-CA94CCFB2FFD}.Release|x64.Build.0 = Release|x64
		{D538A9B7-464F-477A-9672-CA94CCFB2FFD}.Release|x86.ActiveCfg = Release|Win32
		{D538A9B7-464F-477A-9672-CA94CCFB2FFD}.Release|x86.Build.0 = Release|Win32
		{C1E70C8A-4222-4CDA-BE8A-A1B96BE9B7AC}.Debug|x64.ActiveCfg = Debug|x64
		{C1E70C8A-4222-4CDA-BE8A-A1B96BE9B7AC}.Debug|x64.Build.0 = Debug|x64
		{C1E70C8A-4222-4CDA-BE8A-A1B96BE9B7AC}.Debug|x86.ActiveCfg = Debug|Win32
		{C1E70C8A-4222-4CDA-BE8A-A1B96BE9B7AC}.Debug|x86.Build.0 = Debug|Win32
		{C1E70C8A-4222-4CDA-BE8A-A1B96BE9B7AC}.Release|x64.ActiveCfg = Release|x64
		{C1E70C8A-4222-4CDA-BE8A-A1B96BE9B7AC}.Release|x64.Build.0 = Release|x64
		{C1E70C8A-4222-4CDA-BE8A-A1B96BE9B7AC}.Release|x86.ActiveCfg = Release|Win32
		{C1E70C8A-4222-4CDA-BE8A-A1B96BE9B7AC}.Release|x86.Build.0 = Release|Win32
		{FB7A80B4-E8D3-49DD-AC13-2A562E1CEDA8}.Debug|x64.ActiveCfg = Debug|x64
		{FB7A80B4-E8D3-49DD-AC13-2A562E1CEDA8}.Debug|x64.Build.0 = Debug|x64
		{FB7A80B4-E8D3-49DD-AC13-2A562E1CEDA8}.Debug|x86.ActiveCfg = Debug|Win32
		{FB7A80B4-E8D3-49DD-AC13-2A562E1CEDA8}.Debug|x86.Build.0 = Debug|Win32
		{FB7A80B4-E8D3-49DD-AC13-2A562E1CEDA8}.Release|x64.ActiveCfg = Release|x64
		{FB7A80B4-E8D3-49DD-AC13-2A562E1CEDA8}.Release|x64.Build.0 = Release|x64
		{FB7A80B4-E8D3-49DD-AC13-2A562E1CEDA8}.Release|x86.ActiveCfg = Release|Win32
		{FB7A80B4-E8D3-49DD-AC13-2A562E1CEDA8}.Release|x86.Build.0 = Release|Win32
		{8B9051CE-2DEE-4874-9F4A-3BF9CEE74F86}.Debug|x64.ActiveCfg = Debug|x64
		{8B9051CE-2DEE-4874-9F4A-3BF9CEE74F86}.Debug|x64.Build.0 = Debug|x64
		{8B9051CE-2DEE-4874-9F4A-3BF9CEE74F86}.Debug|x86.ActiveCfg = Debug|Win32
		{8B9051CE-2DEE-4874-9F4A-3BF9CEE74F86}.Debug|x86.Build.0 = Debug|Win32
		{8B9051CE-2DEE-4874-9F4A-3BF9CEE74F86}.Release|x64.ActiveCfg = Release|x64
		{8B9051CE-2DEE-4874-9F4A-3BF9CEE74F86}.Release|x64.Build.0 = Release|x64
		{8B9051CE-2DEE-4874-9F4A-3BF9CEE74F86}.Release|x86.ActiveCfg = Release|Win32
		{8B9051CE-2DEE-4874-9F4A-3BF9CEE74F86}.Release|x86.Build.0 = Release|Win32
		{7DB3E575-9ACE-48C3-87FE-2BF39A0FD003}.Debug|x64.ActiveCfg = Debug|x64
		{7DB3E575-9ACE-48C3-87FE-2BF39A0FD003}.Debug|x64.Build.0 = Debug|x64
		{7DB3E575-9ACE-48C3-87FE-2BF39A0FD003}.Debug|x86.ActiveCfg = Debug|Win32
		{7DB3E575-9ACE-48C3-87FE-2BF39A0FD003}.Debug|x86.Build.0 = Debug|Win32
		{7DB3E575-9ACE-48C3-87FE-2BF39A0FD003}.Release|x64.ActiveCfg = Release|x64
		{7DB3E575-9ACE-48C3-87FE-2BF39A0FD003}.Release|x64.Build.0 = Release|x64
		{7DB3E575-9ACE-48C3-87FE-2BF39A0FD003}.Release|x86.ActiveCfg = Release|Win32
		{7DB3E575-9ACE-48C3-87FE-2BF39A0FD003}.Release|x86.Build.0 = Release|Win32
	EndGlobalSection
	GlobalSection(SolutionProperties) = preSolution
		HideSolutionNode = FALSE
	EndGlobalSection
	GlobalSection(ExtensibilityGlobals) = postSolution
		SolutionGuid = {E4042D70-AFC0-4BF2-A508-2621145776AF}
	EndGlobalSection
EndGlobal
