
Microsoft Visual Studio Solution File, Format Version 12.00
# Visual Studio Version 16
VisualStudioVersion = 16.0.29926.136
MinimumVisualStudioVersion = 10.0.40219.1
Project("{8BC9CEB8-8B4A-11D0-8D11-00A0C91BC942}") = "Main", "Main\Main.vcxproj", "{689E9BA4-4741-447D-AD24-8BA71BAC1276}"
EndProject
Project("{8BC9CEB8-8B4A-11D0-8D11-00A0C91BC942}") = "TestStatic", "TestStatic\TestStatic.vcxproj", "{D538A9B7-464F-477A-9672-CA94CCFB2FFD}"
EndProject
Project("{8BC9CEB8-8B4A-11D0-8D11-00A0C91BC942}") = "LRvalues", "LRvalues\LRvalues.vcxproj", "{C1E70C8A-4222-4CDA-BE8A-A1B96BE9B7AC}"
EndProject
Project("{8BC9CEB8-8B4A-11D0-8D11-00A0C91BC942}") = "MoveSemantics", "MoveSemantics\MoveSemantics.vcxproj", "{FB7A80B4-E8D3-49DD-AC13-2A562E1CEDA8}"
EndProject
Project("{8BC9CEB8-8B4A-11D0-8D11-00A0C91BC942}") = "MemAllocationsTrack", "MemAllocationsTrack\MemAllocationsTrack.vcxproj", "{8B9051CE-2DEE-4874-9F4A-3BF9CEE74F86}"
EndProject
Project("{8BC9CEB8-8B4A-11D0-8D11-00A0C91BC942}") = "SmartPointers", "SmartPointers\SmartPointers.vcxproj", "{7DB3E575-9ACE-48C3-87FE-2BF39A0FD003}"
EndProject
Project("{8BC9CEB8-8B4A-11D0-8D11-00A0C91BC942}") = "StringLiterals", "StringLiterals\StringLiterals.vcxproj", "{90F262AF-901B-45AB-B8FC-6B295ECDF30D}"
EndProject
Project("{8BC9CEB8-8B4A-11D0-8D11-00A0C91BC942}") = "VectorOptimized", "VectorOptimized\VectorOptimized.vcxproj", "{FBD38D46-83B9-4F31-A5F8-8913C8F4F292}"
EndProject
Project("{8BC9CEB8-8B4A-11D0-8D11-00A0C91BC942}") = "ArrowOperator", "ArrowOperator\ArrowOperator.vcxproj", "{E4D3146D-BF98-4382-ADAC-A4397B647469}"
EndProject
Project("{8BC9CEB8-8B4A-11D0-8D11-00A0C91BC942}") = "TypePunning", "TypePunning\TypePunning.vcxproj", "{3FDEC4CD-6AB1-49F5-9B73-DD205DA4DDA5}"
EndProject
Project("{8BC9CEB8-8B4A-11D0-8D11-00A0C91BC942}") = "Unions", "Unions\Unions.vcxproj", "{730B0144-84BC-4FA2-9351-7C11CDFB83AD}"
EndProject
Project("{8BC9CEB8-8B4A-11D0-8D11-00A0C91BC942}") = "Arrays3D", "Arrays3D\Arrays3D.vcxproj", "{6E360687-99F0-4C35-9F83-74563E0619C4}"
EndProject
Project("{8BC9CEB8-8B4A-11D0-8D11-00A0C91BC942}") = "SortingStd", "SortingStd\SortingStd.vcxproj", "{E774F8AF-1603-49CA-9BD3-4F7ED01D100C}"
EndProject
Project("{8BC9CEB8-8B4A-11D0-8D11-00A0C91BC942}") = "FunctionPointers", "FunctionPointers\FunctionPointers.vcxproj", "{B5E1F208-7F45-43CB-B45B-D724448B6B74}"
EndProject
Global
	GlobalSection(SolutionConfigurationPlatforms) = preSolution
		Debug|x64 = Debug|x64
		Debug|x86 = Debug|x86
		Release|x64 = Release|x64
		Release|x86 = Release|x86
	EndGlobalSection
	GlobalSection(ProjectConfigurationPlatforms) = postSolution
		{689E9BA4-4741-447D-AD24-8BA71BAC1276}.Debug|x64.ActiveCfg = Debug|x64
		{689E9BA4-4741-447D-AD24-8BA71BAC1276}.Debug|x64.Build.0 = Debug|x64
		{689E9BA4-4741-447D-AD24-8BA71BAC1276}.Debug|x86.ActiveCfg = Debug|Win32
		{689E9BA4-4741-447D-AD24-8BA71BAC1276}.Debug|x86.Build.0 = Debug|Win32
		{689E9BA4-4741-447D-AD24-8BA71BAC1276}.Release|x64.ActiveCfg = Release|x64
		{689E9BA4-4741-447D-AD24-8BA71BAC1276}.Release|x64.Build.0 = Release|x64
		{689E9BA4-4741-447D-AD24-8BA71BAC1276}.Release|x86.ActiveCfg = Release|Win32
		{689E9BA4-4741-447D-AD24-8BA71BAC1276}.Release|x86.Build.0 = Release|Win32
		{D538A9B7-464F-477A-9672-CA94CCFB2FFD}.Debug|x64.ActiveCfg = Debug|x64
		{D538A9B7-464F-477A-9672-CA94CCFB2FFD}.Debug|x64.Build.0 = Debug|x64
		{D538A9B7-464F-477A-9672-CA94CCFB2FFD}.Debug|x86.ActiveCfg = Debug|Win32
		{D538A9B7-464F-477A-9672-CA94CCFB2FFD}.Debug|x86.Build.0 = Debug|Win32
		{D538A9B7-464F-477A-9672-CA94CCFB2FFD}.Release|x64.ActiveCfg = Release|x64
		{D538A9B7-464F-477A-9672-CA94CCFB2FFD}.Release|x64.Build.0 = Release|x64
		{D538A9B7-464F-477A-9672-CA94CCFB2FFD}.Release|x86.ActiveCfg = Release|Win32
		{D538A9B7-464F-477A-9672-CA94CCFB2FFD}.Release|x86.Build.0 = Release|Win32
		{C1E70C8A-4222-4CDA-BE8A-A1B96BE9B7AC}.Debug|x64.ActiveCfg = Debug|x64
		{C1E70C8A-4222-4CDA-BE8A-A1B96BE9B7AC}.Debug|x64.Build.0 = Debug|x64
		{C1E70C8A-4222-4CDA-BE8A-A1B96BE9B7AC}.Debug|x86.ActiveCfg = Debug|Win32
		{C1E70C8A-4222-4CDA-BE8A-A1B96BE9B7AC}.Debug|x86.Build.0 = Debug|Win32
		{C1E70C8A-4222-4CDA-BE8A-A1B96BE9B7AC}.Release|x64.ActiveCfg = Release|x64
		{C1E70C8A-4222-4CDA-BE8A-A1B96BE9B7AC}.Release|x64.Build.0 = Release|x64
		{C1E70C8A-4222-4CDA-BE8A-A1B96BE9B7AC}.Release|x86.ActiveCfg = Release|Win32
		{C1E70C8A-4222-4CDA-BE8A-A1B96BE9B7AC}.Release|x86.Build.0 = Release|Win32
		{FB7A80B4-E8D3-49DD-AC13-2A562E1CEDA8}.Debug|x64.ActiveCfg = Debug|x64
		{FB7A80B4-E8D3-49DD-AC13-2A562E1CEDA8}.Debug|x64.Build.0 = Debug|x64
		{FB7A80B4-E8D3-49DD-AC13-2A562E1CEDA8}.Debug|x86.ActiveCfg = Debug|Win32
		{FB7A80B4-E8D3-49DD-AC13-2A562E1CEDA8}.Debug|x86.Build.0 = Debug|Win32
		{FB7A80B4-E8D3-49DD-AC13-2A562E1CEDA8}.Release|x64.ActiveCfg = Release|x64
		{FB7A80B4-E8D3-49DD-AC13-2A562E1CEDA8}.Release|x64.Build.0 = Release|x64
		{FB7A80B4-E8D3-49DD-AC13-2A562E1CEDA8}.Release|x86.ActiveCfg = Release|Win32
		{FB7A80B4-E8D3-49DD-AC13-2A562E1CEDA8}.Release|x86.Build.0 = Release|Win32
		{8B9051CE-2DEE-4874-9F4A-3BF9CEE74F86}.Debug|x64.ActiveCfg = Debug|x64
		{8B9051CE-2DEE-4874-9F4A-3BF9CEE74F86}.Debug|x64.Build.0 = Debug|x64
		{8B9051CE-2DEE-4874-9F4A-3BF9CEE74F86}.Debug|x86.ActiveCfg = Debug|Win32
		{8B9051CE-2DEE-4874-9F4A-3BF9CEE74F86}.Debug|x86.Build.0 = Debug|Win32
		{8B9051CE-2DEE-4874-9F4A-3BF9CEE74F86}.Release|x64.ActiveCfg = Release|x64
		{8B9051CE-2DEE-4874-9F4A-3BF9CEE74F86}.Release|x64.Build.0 = Release|x64
		{8B9051CE-2DEE-4874-9F4A-3BF9CEE74F86}.Release|x86.ActiveCfg = Release|Win32
		{8B9051CE-2DEE-4874-9F4A-3BF9CEE74F86}.Release|x86.Build.0 = Release|Win32
		{7DB3E575-9ACE-48C3-87FE-2BF39A0FD003}.Debug|x64.ActiveCfg = Debug|x64
		{7DB3E575-9ACE-48C3-87FE-2BF39A0FD003}.Debug|x64.Build.0 = Debug|x64
		{7DB3E575-9ACE-48C3-87FE-2BF39A0FD003}.Debug|x86.ActiveCfg = Debug|Win32
		{7DB3E575-9ACE-48C3-87FE-2BF39A0FD003}.Debug|x86.Build.0 = Debug|Win32
		{7DB3E575-9ACE-48C3-87FE-2BF39A0FD003}.Release|x64.ActiveCfg = Release|x64
		{7DB3E575-9ACE-48C3-87FE-2BF39A0FD003}.Release|x64.Build.0 = Release|x64
		{7DB3E575-9ACE-48C3-87FE-2BF39A0FD003}.Release|x86.ActiveCfg = Release|Win32
		{7DB3E575-9ACE-48C3-87FE-2BF39A0FD003}.Release|x86.Build.0 = Release|Win32
		{90F262AF-901B-45AB-B8FC-6B295ECDF30D}.Debug|x64.ActiveCfg = Debug|x64
		{90F262AF-901B-45AB-B8FC-6B295ECDF30D}.Debug|x64.Build.0 = Debug|x64
		{90F262AF-901B-45AB-B8FC-6B295ECDF30D}.Debug|x86.ActiveCfg = Debug|Win32
		{90F262AF-901B-45AB-B8FC-6B295ECDF30D}.Debug|x86.Build.0 = Debug|Win32
		{90F262AF-901B-45AB-B8FC-6B295ECDF30D}.Release|x64.ActiveCfg = Release|x64
		{90F262AF-901B-45AB-B8FC-6B295ECDF30D}.Release|x64.Build.0 = Release|x64
		{90F262AF-901B-45AB-B8FC-6B295ECDF30D}.Release|x86.ActiveCfg = Release|Win32
		{90F262AF-901B-45AB-B8FC-6B295ECDF30D}.Release|x86.Build.0 = Release|Win32
		{FBD38D46-83B9-4F31-A5F8-8913C8F4F292}.Debug|x64.ActiveCfg = Debug|x64
		{FBD38D46-83B9-4F31-A5F8-8913C8F4F292}.Debug|x64.Build.0 = Debug|x64
		{FBD38D46-83B9-4F31-A5F8-8913C8F4F292}.Debug|x86.ActiveCfg = Debug|Win32
		{FBD38D46-83B9-4F31-A5F8-8913C8F4F292}.Debug|x86.Build.0 = Debug|Win32
		{FBD38D46-83B9-4F31-A5F8-8913C8F4F292}.Release|x64.ActiveCfg = Release|x64
		{FBD38D46-83B9-4F31-A5F8-8913C8F4F292}.Release|x64.Build.0 = Release|x64
		{FBD38D46-83B9-4F31-A5F8-8913C8F4F292}.Release|x86.ActiveCfg = Release|Win32
		{FBD38D46-83B9-4F31-A5F8-8913C8F4F292}.Release|x86.Build.0 = Release|Win32
		{E4D3146D-BF98-4382-ADAC-A4397B647469}.Debug|x64.ActiveCfg = Debug|x64
		{E4D3146D-BF98-4382-ADAC-A4397B647469}.Debug|x64.Build.0 = Debug|x64
		{E4D3146D-BF98-4382-ADAC-A4397B647469}.Debug|x86.ActiveCfg = Debug|Win32
		{E4D3146D-BF98-4382-ADAC-A4397B647469}.Debug|x86.Build.0 = Debug|Win32
		{E4D3146D-BF98-4382-ADAC-A4397B647469}.Release|x64.ActiveCfg = Release|x64
		{E4D3146D-BF98-4382-ADAC-A4397B647469}.Release|x64.Build.0 = Release|x64
		{E4D3146D-BF98-4382-ADAC-A4397B647469}.Release|x86.ActiveCfg = Release|Win32
		{E4D3146D-BF98-4382-ADAC-A4397B647469}.Release|x86.Build.0 = Release|Win32
		{3FDEC4CD-6AB1-49F5-9B73-DD205DA4DDA5}.Debug|x64.ActiveCfg = Debug|x64
		{3FDEC4CD-6AB1-49F5-9B73-DD205DA4DDA5}.Debug|x64.Build.0 = Debug|x64
		{3FDEC4CD-6AB1-49F5-9B73-DD205DA4DDA5}.Debug|x86.ActiveCfg = Debug|Win32
		{3FDEC4CD-6AB1-49F5-9B73-DD205DA4DDA5}.Debug|x86.Build.0 = Debug|Win32
		{3FDEC4CD-6AB1-49F5-9B73-DD205DA4DDA5}.Release|x64.ActiveCfg = Release|x64
		{3FDEC4CD-6AB1-49F5-9B73-DD205DA4DDA5}.Release|x64.Build.0 = Release|x64
		{3FDEC4CD-6AB1-49F5-9B73-DD205DA4DDA5}.Release|x86.ActiveCfg = Release|Win32
		{3FDEC4CD-6AB1-49F5-9B73-DD205DA4DDA5}.Release|x86.Build.0 = Release|Win32
		{730B0144-84BC-4FA2-9351-7C11CDFB83AD}.Debug|x64.ActiveCfg = Debug|x64
		{730B0144-84BC-4FA2-9351-7C11CDFB83AD}.Debug|x64.Build.0 = Debug|x64
		{730B0144-84BC-4FA2-9351-7C11CDFB83AD}.Debug|x86.ActiveCfg = Debug|Win32
		{730B0144-84BC-4FA2-9351-7C11CDFB83AD}.Debug|x86.Build.0 = Debug|Win32
		{730B0144-84BC-4FA2-9351-7C11CDFB83AD}.Release|x64.ActiveCfg = Release|x64
		{730B0144-84BC-4FA2-9351-7C11CDFB83AD}.Release|x64.Build.0 = Release|x64
		{730B0144-84BC-4FA2-9351-7C11CDFB83AD}.Release|x86.ActiveCfg = Release|Win32
		{730B0144-84BC-4FA2-9351-7C11CDFB83AD}.Release|x86.Build.0 = Release|Win32
		{6E360687-99F0-4C35-9F83-74563E0619C4}.Debug|x64.ActiveCfg = Debug|x64
		{6E360687-99F0-4C35-9F83-74563E0619C4}.Debug|x64.Build.0 = Debug|x64
		{6E360687-99F0-4C35-9F83-74563E0619C4}.Debug|x86.ActiveCfg = Debug|Win32
		{6E360687-99F0-4C35-9F83-74563E0619C4}.Debug|x86.Build.0 = Debug|Win32
		{6E360687-99F0-4C35-9F83-74563E0619C4}.Release|x64.ActiveCfg = Release|x64
		{6E360687-99F0-4C35-9F83-74563E0619C4}.Release|x64.Build.0 = Release|x64
		{6E360687-99F0-4C35-9F83-74563E0619C4}.Release|x86.ActiveCfg = Release|Win32
		{6E360687-99F0-4C35-9F83-74563E0619C4}.Release|x86.Build.0 = Release|Win32
		{E774F8AF-1603-49CA-9BD3-4F7ED01D100C}.Debug|x64.ActiveCfg = Debug|x64
		{E774F8AF-1603-49CA-9BD3-4F7ED01D100C}.Debug|x64.Build.0 = Debug|x64
		{E774F8AF-1603-49CA-9BD3-4F7ED01D100C}.Debug|x86.ActiveCfg = Debug|Win32
		{E774F8AF-1603-49CA-9BD3-4F7ED01D100C}.Debug|x86.Build.0 = Debug|Win32
		{E774F8AF-1603-49CA-9BD3-4F7ED01D100C}.Release|x64.ActiveCfg = Release|x64
		{E774F8AF-1603-49CA-9BD3-4F7ED01D100C}.Release|x64.Build.0 = Release|x64
		{E774F8AF-1603-49CA-9BD3-4F7ED01D100C}.Release|x86.ActiveCfg = Release|Win32
		{E774F8AF-1603-49CA-9BD3-4F7ED01D100C}.Release|x86.Build.0 = Release|Win32
		{B5E1F208-7F45-43CB-B45B-D724448B6B74}.Debug|x64.ActiveCfg = Debug|x64
		{B5E1F208-7F45-43CB-B45B-D724448B6B74}.Debug|x64.Build.0 = Debug|x64
		{B5E1F208-7F45-43CB-B45B-D724448B6B74}.Debug|x86.ActiveCfg = Debug|Win32
		{B5E1F208-7F45-43CB-B45B-D724448B6B74}.Debug|x86.Build.0 = Debug|Win32
		{B5E1F208-7F45-43CB-B45B-D724448B6B74}.Release|x64.ActiveCfg = Release|x64
		{B5E1F208-7F45-43CB-B45B-D724448B6B74}.Release|x64.Build.0 = Release|x64
		{B5E1F208-7F45-43CB-B45B-D724448B6B74}.Release|x86.ActiveCfg = Release|Win32
		{B5E1F208-7F45-43CB-B45B-D724448B6B74}.Release|x86.Build.0 = Release|Win32
	EndGlobalSection
	GlobalSection(SolutionProperties) = preSolution
		HideSolutionNode = FALSE
	EndGlobalSection
	GlobalSection(ExtensibilityGlobals) = postSolution
		SolutionGuid = {E4042D70-AFC0-4BF2-A508-2621145776AF}
	EndGlobalSection
EndGlobal
